{
	"name": "polaris-bot",
	"version": "3.6.3",
	"lockfileVersion": 1,
	"requires": true,
	"dependencies": {
		"@sentry/apm": {
			"version": "5.19.2",
			"resolved": "https://registry.npmjs.org/@sentry/apm/-/apm-5.19.2.tgz",
			"integrity": "sha512-V7p5niqG/Nn1OSMAyreChiIrQFYzFHKADKNaDEvIXqC4hxFnMG8lPRqEFJH49fNjsFBFfIG9iY1rO1ZFg3S42Q==",
			"requires": {
				"@sentry/browser": "5.19.2",
				"@sentry/hub": "5.19.2",
				"@sentry/minimal": "5.19.2",
				"@sentry/types": "5.19.2",
				"@sentry/utils": "5.19.2",
				"tslib": "^1.9.3"
			}
		},
		"@sentry/browser": {
			"version": "5.19.2",
			"resolved": "https://registry.npmjs.org/@sentry/browser/-/browser-5.19.2.tgz",
			"integrity": "sha512-o6Z532n+0N5ANDzgR9GN+Q6CU7zVlIJvBEW234rBiB+ZZj6XwTLS1dD+JexGr8lCo8PeXI2rypKcj1jUGLVW8w==",
			"requires": {
				"@sentry/core": "5.19.2",
				"@sentry/types": "5.19.2",
				"@sentry/utils": "5.19.2",
				"tslib": "^1.9.3"
			}
		},
		"@sentry/core": {
			"version": "5.19.2",
			"resolved": "https://registry.npmjs.org/@sentry/core/-/core-5.19.2.tgz",
			"integrity": "sha512-sfbBsVXpA0WYJUichz5IhvqKD8xJUfQvsszrTsUKa7PQAMAboOmuh6bo8KquaVQnAZyZWZU08UduvlSV3tA7tw==",
			"requires": {
				"@sentry/hub": "5.19.2",
				"@sentry/minimal": "5.19.2",
				"@sentry/types": "5.19.2",
				"@sentry/utils": "5.19.2",
				"tslib": "^1.9.3"
			}
		},
		"@sentry/hub": {
			"version": "5.19.2",
			"resolved": "https://registry.npmjs.org/@sentry/hub/-/hub-5.19.2.tgz",
			"integrity": "sha512-2KkEYX4q9TDCOiaVEo2kQ1W0IXyZxJxZtIjDdFQyes9T4ubYlKHAbvCjTxHSQv37lDO4t7sOIApWG9rlkHzlEA==",
			"requires": {
				"@sentry/types": "5.19.2",
				"@sentry/utils": "5.19.2",
				"tslib": "^1.9.3"
			}
		},
		"@sentry/integrations": {
			"version": "5.19.2",
			"resolved": "https://registry.npmjs.org/@sentry/integrations/-/integrations-5.19.2.tgz",
			"integrity": "sha512-kHXJlJBRMKFDT6IebLNgTciJtSygxm4nLETmwVOmE555lTOUmbbmpNEpJokk1D8f/dCy9ai1N+h6CFyLsjCXNw==",
			"requires": {
				"@sentry/types": "5.19.2",
				"@sentry/utils": "5.19.2",
				"tslib": "^1.9.3"
			}
		},
		"@sentry/minimal": {
			"version": "5.19.2",
			"resolved": "https://registry.npmjs.org/@sentry/minimal/-/minimal-5.19.2.tgz",
			"integrity": "sha512-rApEOkjy+ZmkeqEItgFvUFxe5l+dht9AumuUzq74pWp+HJqxxv9IVTusKppBsE1adjtmyhwK4O3Wr8qyc75xlw==",
			"requires": {
				"@sentry/hub": "5.19.2",
				"@sentry/types": "5.19.2",
				"tslib": "^1.9.3"
			}
		},
		"@sentry/node": {
			"version": "5.19.2",
			"resolved": "https://registry.npmjs.org/@sentry/node/-/node-5.19.2.tgz",
			"integrity": "sha512-gbww3iTWkdvYIAhOmULbv8znKwkIpklGJ0SPtAh0orUMuaa0lVht+6HQIhRgeXp50lMzNaYC3fuzkbFfYgpS7A==",
			"requires": {
				"@sentry/apm": "5.19.2",
				"@sentry/core": "5.19.2",
				"@sentry/hub": "5.19.2",
				"@sentry/types": "5.19.2",
				"@sentry/utils": "5.19.2",
				"cookie": "^0.3.1",
				"https-proxy-agent": "^5.0.0",
				"lru_map": "^0.3.3",
				"tslib": "^1.9.3"
			}
		},
		"@sentry/types": {
			"version": "5.19.2",
			"resolved": "https://registry.npmjs.org/@sentry/types/-/types-5.19.2.tgz",
			"integrity": "sha512-O6zkW8oM1qK5Uma9+B/UMlmlm9/gkw9MooqycWuEhIaKfDBj/yVbwb/UTiJmNkGc5VJQo0v1uXUZZQt6/Xq1GA=="
		},
		"@sentry/utils": {
			"version": "5.19.2",
			"resolved": "https://registry.npmjs.org/@sentry/utils/-/utils-5.19.2.tgz",
			"integrity": "sha512-gEPkC0CJwvIWqcTcPSdIzqJkJa9N5vZzUZyBvdu1oiyJu7MfazpJEvj3whfJMysSfXJQxoJ+a1IPrA73VY23VA==",
			"requires": {
				"@sentry/types": "5.19.2",
				"tslib": "^1.9.3"
			}
		},
		"@types/node": {
			"version": "14.0.23",
			"resolved": "https://registry.npmjs.org/@types/node/-/node-14.0.23.tgz",
			"integrity": "sha512-Z4U8yDAl5TFkmYsZdFPdjeMa57NOvnaf1tljHzhouaPEp7LCj2JKkejpI1ODviIAQuW4CcQmxkQ77rnLsOOoKw=="
		},
		"agent-base": {
			"version": "6.0.1",
			"resolved": "https://registry.npmjs.org/agent-base/-/agent-base-6.0.1.tgz",
			"integrity": "sha512-01q25QQDwLSsyfhrKbn8yuur+JNw0H+0Y4JiGIKd3z9aYk/w/2kxD/Upc+t2ZBBSUNff50VjPsSW2YxM8QYKVg==",
			"requires": {
				"debug": "4"
			}
		},
		"bluebird": {
			"version": "3.5.1",
			"resolved": "https://registry.npmjs.org/bluebird/-/bluebird-3.5.1.tgz",
			"integrity": "sha512-MKiLiV+I1AA596t9w1sQJ8jkiSr5+ZKi0WKrYGUn6d1Fx+Ij4tIj+m2WMQSGczs5jZVxV339chE8iwk6F64wjA=="
		},
		"boolbase": {
			"version": "1.0.0",
			"resolved": "https://registry.npmjs.org/boolbase/-/boolbase-1.0.0.tgz",
			"integrity": "sha1-aN/1++YMUes3cl6p4+0xDcwed24="
		},
		"cheerio": {
			"version": "1.0.0-rc.3",
			"resolved": "https://registry.npmjs.org/cheerio/-/cheerio-1.0.0-rc.3.tgz",
			"integrity": "sha512-0td5ijfUPuubwLUu0OBoe98gZj8C/AA+RW3v67GPlGOrvxWjZmBXiBCRU+I8VEiNyJzjth40POfHiz2RB3gImA==",
			"requires": {
				"css-select": "~1.2.0",
				"dom-serializer": "~0.1.1",
				"entities": "~1.1.1",
				"htmlparser2": "^3.9.1",
				"lodash": "^4.15.0",
				"parse5": "^3.0.1"
			}
		},
		"cookie": {
			"version": "0.3.1",
			"resolved": "https://registry.npmjs.org/cookie/-/cookie-0.3.1.tgz",
			"integrity": "sha1-5+Ch+e9DtMi6klxcWpboBtFoc7s="
		},
		"css-select": {
			"version": "1.2.0",
			"resolved": "https://registry.npmjs.org/css-select/-/css-select-1.2.0.tgz",
			"integrity": "sha1-KzoRBTnFNV8c2NMUYj6HCxIeyFg=",
			"requires": {
				"boolbase": "~1.0.0",
				"css-what": "2.1",
				"domutils": "1.5.1",
				"nth-check": "~1.0.1"
			}
		},
		"css-what": {
			"version": "2.1.3",
			"resolved": "https://registry.npmjs.org/css-what/-/css-what-2.1.3.tgz",
			"integrity": "sha512-a+EPoD+uZiNfh+5fxw2nO9QwFa6nJe2Or35fGY6Ipw1R3R4AGz1d1TEZrCegvw2YTmZ0jXirGYlzxxpYSHwpEg=="
		},
		"debug": {
			"version": "4.1.1",
			"resolved": "https://registry.npmjs.org/debug/-/debug-4.1.1.tgz",
			"integrity": "sha512-pYAIzeRo8J6KPEaJ0VWOh5Pzkbw/RetuzehGM7QRRX5he4fPHx2rdKMB256ehJCkX+XRQm16eZLqLNS8RSZXZw==",
			"requires": {
				"ms": "^2.1.1"
			}
		},
		"dom-serializer": {
			"version": "0.1.1",
			"resolved": "https://registry.npmjs.org/dom-serializer/-/dom-serializer-0.1.1.tgz",
			"integrity": "sha512-l0IU0pPzLWSHBcieZbpOKgkIn3ts3vAh7ZuFyXNwJxJXk/c4Gwj9xaTJwIDVQCXawWD0qb3IzMGH5rglQaO0XA==",
			"requires": {
				"domelementtype": "^1.3.0",
				"entities": "^1.1.1"
			}
		},
		"domelementtype": {
			"version": "1.3.1",
			"resolved": "https://registry.npmjs.org/domelementtype/-/domelementtype-1.3.1.tgz",
			"integrity": "sha512-BSKB+TSpMpFI/HOxCNr1O8aMOTZ8hT3pM3GQ0w/mWRmkhEDSFJkkyzz4XQsBV44BChwGkrDfMyjVD0eA2aFV3w=="
		},
		"domhandler": {
			"version": "2.4.2",
			"resolved": "https://registry.npmjs.org/domhandler/-/domhandler-2.4.2.tgz",
			"integrity": "sha512-JiK04h0Ht5u/80fdLMCEmV4zkNh2BcoMFBmZ/91WtYZ8qVXSKjiw7fXMgFPnHcSZgOo3XdinHvmnDUeMf5R4wA==",
			"requires": {
				"domelementtype": "1"
			}
		},
		"domutils": {
			"version": "1.5.1",
			"resolved": "https://registry.npmjs.org/domutils/-/domutils-1.5.1.tgz",
			"integrity": "sha1-3NhIiib1Y9YQeeSMn3t+Mjc2gs8=",
			"requires": {
				"dom-serializer": "0",
				"domelementtype": "1"
			}
		},
		"easy-stack": {
			"version": "1.0.0",
			"resolved": "https://registry.npmjs.org/easy-stack/-/easy-stack-1.0.0.tgz",
			"integrity": "sha1-EskbMIWjfwuqM26UhurEv5Tj54g="
		},
		"entities": {
			"version": "1.1.2",
			"resolved": "https://registry.npmjs.org/entities/-/entities-1.1.2.tgz",
			"integrity": "sha512-f2LZMYl1Fzu7YSBKg+RoROelpOaNrcGmE9AZubeDfrCEia483oW4MI4VyFd5VNHIgQ/7qm1I0wUHK1eJnn2y2w=="
		},
		"eris": {
			"version": "0.13.3",
			"resolved": "https://registry.npmjs.org/eris/-/eris-0.13.3.tgz",
			"integrity": "sha512-WBtLyknOWZpYZL9yPhez0oKUWvYpunSg43hGxawwjwSf3gFXmbEPYrT8KlmZXtpJnX16eQ7mzIq+MgSh3LarEg==",
			"requires": {
				"opusscript": "^0.0.7",
				"tweetnacl": "^1.0.1",
				"ws": "^7.2.1"
			}
		},
		"event-pubsub": {
			"version": "4.3.0",
			"resolved": "https://registry.npmjs.org/event-pubsub/-/event-pubsub-4.3.0.tgz",
			"integrity": "sha512-z7IyloorXvKbFx9Bpie2+vMJKKx1fH1EN5yiTfp8CiLOTptSYy1g8H4yDpGlEdshL1PBiFtBHepF2cNsqeEeFQ=="
		},
		"htmlparser2": {
			"version": "3.10.1",
			"resolved": "https://registry.npmjs.org/htmlparser2/-/htmlparser2-3.10.1.tgz",
			"integrity": "sha512-IgieNijUMbkDovyoKObU1DUhm1iwNYE/fuifEoEHfd1oZKZDaONBSkal7Y01shxsM49R4XaMdGez3WnF9UfiCQ==",
			"requires": {
				"domelementtype": "^1.3.1",
				"domhandler": "^2.3.0",
				"domutils": "^1.5.1",
				"entities": "^1.1.1",
				"inherits": "^2.0.1",
				"readable-stream": "^3.1.1"
			}
		},
		"https-proxy-agent": {
			"version": "5.0.0",
			"resolved": "https://registry.npmjs.org/https-proxy-agent/-/https-proxy-agent-5.0.0.tgz",
			"integrity": "sha512-EkYm5BcKUGiduxzSt3Eppko+PiNWNEpa4ySk9vTC6wDsQJW9rHSa+UhGNJoRYp7bz6Ht1eaRIa6QaJqO5rCFbA==",
			"requires": {
				"agent-base": "6",
				"debug": "4"
			}
		},
		"inherits": {
			"version": "2.0.4",
			"resolved": "https://registry.npmjs.org/inherits/-/inherits-2.0.4.tgz",
			"integrity": "sha512-k/vGaX4/Yla3WzyMCvTQOXYeIHvqOKtnqBduzTHpzpQZzAskKMhZ2K+EnBiSM9zGSoIFeMpXKxa4dYeZIQqewQ=="
		},
		"js-message": {
			"version": "1.0.5",
			"resolved": "https://registry.npmjs.org/js-message/-/js-message-1.0.5.tgz",
			"integrity": "sha1-IwDSSxrwjondCVvBpMnJz8uJLRU="
		},
		"js-queue": {
			"version": "2.0.0",
			"resolved": "https://registry.npmjs.org/js-queue/-/js-queue-2.0.0.tgz",
			"integrity": "sha1-NiITz4YPRo8BJfxslqvBdCUx+Ug=",
			"requires": {
				"easy-stack": "^1.0.0"
			}
		},
		"lodash": {
			"version": "4.17.19",
			"resolved": "https://registry.npmjs.org/lodash/-/lodash-4.17.19.tgz",
			"integrity": "sha512-JNvd8XER9GQX0v2qJgsaN/mzFCNA5BRe/j8JN9d+tWyGLSodKQHKFicdwNYzWwI3wjRnaKPsGj1XkBjx/F96DQ=="
		},
		"lru_map": {
			"version": "0.3.3",
			"resolved": "https://registry.npmjs.org/lru_map/-/lru_map-0.3.3.tgz",
			"integrity": "sha1-tcg1G5Rky9dQM1p5ZQoOwOVhGN0="
		},
		"ms": {
			"version": "2.1.2",
			"resolved": "https://registry.npmjs.org/ms/-/ms-2.1.2.tgz",
			"integrity": "sha512-sGkPx+VjMtmA6MX27oA4FBFELFCZZ4S4XqeGOXCv68tT+jb3vk/RyaKWP0PTKyWtmLSM0b+adUTEvbs1PEaH2w=="
		},
		"node-fetch": {
			"version": "2.6.1",
			"resolved": "https://registry.npmjs.org/node-fetch/-/node-fetch-2.6.1.tgz",
			"integrity": "sha512-V4aYg89jEoVRxRb2fJdAg8FHvI7cEyYdVAh94HH0UIK8oJxUfkjlDQN9RbMx+bEjP7+ggMiFRprSti032Oipxw=="
		},
		"node-ipc": {
			"version": "9.1.1",
			"resolved": "https://registry.npmjs.org/node-ipc/-/node-ipc-9.1.1.tgz",
			"integrity": "sha512-FAyICv0sIRJxVp3GW5fzgaf9jwwRQxAKDJlmNFUL5hOy+W4X/I5AypyHoq0DXXbo9o/gt79gj++4cMr4jVWE/w==",
			"requires": {
				"event-pubsub": "4.3.0",
				"js-message": "1.0.5",
				"js-queue": "2.0.0"
			}
		},
		"nth-check": {
			"version": "1.0.2",
			"resolved": "https://registry.npmjs.org/nth-check/-/nth-check-1.0.2.tgz",
			"integrity": "sha512-WeBOdju8SnzPN5vTUJYxYUxLeXpCaVP5i5e0LF8fg7WORF2Wd7wFX/pk0tYZk7s8T+J7VLy0Da6J1+wCT0AtHg==",
			"requires": {
				"boolbase": "~1.0.0"
			}
		},
		"opusscript": {
			"version": "0.0.7",
			"resolved": "https://registry.npmjs.org/opusscript/-/opusscript-0.0.7.tgz",
			"integrity": "sha512-DcBadTdYTUuH9zQtepsLjQn4Ll6rs3dmeFvN+SD0ThPnxRBRm/WC1zXWPg+wgAJimB784gdZvUMA57gDP7FdVg==",
			"optional": true
		},
		"parse5": {
			"version": "3.0.3",
			"resolved": "https://registry.npmjs.org/parse5/-/parse5-3.0.3.tgz",
			"integrity": "sha512-rgO9Zg5LLLkfJF9E6CCmXlSE4UVceloys8JrFqCcHloC3usd/kJCyPDwH2SOlzix2j3xaP9sUX3e8+kvkuleAA==",
			"requires": {
				"@types/node": "*"
			}
		},
		"polaris-quote-engine": {
			"version": "1.0.2",
			"resolved": "https://registry.npmjs.org/polaris-quote-engine/-/polaris-quote-engine-1.0.2.tgz",
			"integrity": "sha512-0+Zxgelb1FOFvhLHUOf4UCvtYUm4SLUgGrCmMtNfCNWkPj1blTVVyg+oqR8aUPeSkIyt7xnP4/HeatNB1FAChQ=="
		},
		"readable-stream": {
			"version": "3.6.0",
			"resolved": "https://registry.npmjs.org/readable-stream/-/readable-stream-3.6.0.tgz",
			"integrity": "sha512-BViHy7LKeTz4oNnkcLJ+lVSL6vpiFeX6/d3oSH8zCW7UxP2onchk+vTGB143xuFjHS3deTgkKoXXymXqymiIdA==",
			"requires": {
				"inherits": "^2.0.3",
				"string_decoder": "^1.1.1",
				"util-deprecate": "^1.0.1"
			}
		},
		"rethinkdbdash": {
			"version": "2.3.31",
			"resolved": "https://registry.npmjs.org/rethinkdbdash/-/rethinkdbdash-2.3.31.tgz",
			"integrity": "sha512-6nXrKFjdg2Ug0YpdmPWSvyD/2EisHnFNt4FWZ74dcXGK48ievSv+cNFTmVv+KjLi6I9CCf6w4CKZ6yCYTfMfdQ==",
			"requires": {
				"bluebird": ">= 3.0.1"
			}
		},
		"safe-buffer": {
			"version": "5.2.1",
			"resolved": "https://registry.npmjs.org/safe-buffer/-/safe-buffer-5.2.1.tgz",
			"integrity": "sha512-rp3So07KcdmmKbGvgaNxQSJr7bGVSVk5S9Eq1F+ppbRo70+YeaDxkw5Dd8NPN+GD6bjnYm2VuPuCXmpuYvmCXQ=="
		},
		"string_decoder": {
			"version": "1.3.0",
			"resolved": "https://registry.npmjs.org/string_decoder/-/string_decoder-1.3.0.tgz",
			"integrity": "sha512-hkRX8U1WjJFd8LsDJ2yQ/wWWxaopEsABU1XfkM8A+j0+85JAGppt16cr1Whg6KIbb4okU6Mql6BOj+uup/wKeA==",
			"requires": {
				"safe-buffer": "~5.2.0"
			}
		},
		"tslib": {
			"version": "1.13.0",
			"resolved": "https://registry.npmjs.org/tslib/-/tslib-1.13.0.tgz",
			"integrity": "sha512-i/6DQjL8Xf3be4K/E6Wgpekn5Qasl1usyw++dAA35Ue5orEn65VIxOA+YvNNl9HV3qv70T7CNwjODHZrLwvd1Q=="
		},
		"tweetnacl": {
			"version": "1.0.3",
			"resolved": "https://registry.npmjs.org/tweetnacl/-/tweetnacl-1.0.3.tgz",
			"integrity": "sha512-6rt+RN7aOi1nGMyC4Xa5DdYiukl2UWCbcJft7YhxReBGQD7OAM8Pbxw6YMo4r2diNEA8FEmu32YOn9rhaiE5yw==",
			"optional": true
		},
		"util-deprecate": {
			"version": "1.0.2",
			"resolved": "https://registry.npmjs.org/util-deprecate/-/util-deprecate-1.0.2.tgz",
			"integrity": "sha1-RQ1Nyfpw3nMnYvvS1KKJgUGaDM8="
		},
		"ws": {
			"version": "7.3.0",
			"resolved": "https://registry.npmjs.org/ws/-/ws-7.3.0.tgz",
			"integrity": "sha512-iFtXzngZVXPGgpTlP1rBqsUK82p9tKqsWRPg5L56egiljujJT3vGAYnHANvFxBieXrTFavhzhxW52jnaWV+w2w=="
		}
	}
}
